
Microsoft Visual Studio Solution File, Format Version 12.00
# Visual Studio 15
VisualStudioVersion = 15.0.28307.168
MinimumVisualStudioVersion = 10.0.40219.1
Project("{FAE04EC0-301F-11D3-BF4B-00C04F79EFBC}") = "CSVData", "CSVData\CSVData.csproj", "{A32AEC2B-A9A5-4E16-A539-9C678F6BE9FC}"
EndProject
Project("{FAE04EC0-301F-11D3-BF4B-00C04F79EFBC}") = "CSVDataTests", "CSVDataTests\CSVDataTests.csproj", "{FF324100-2EEA-43FB-A2D4-683E3AF4924A}"
EndProject
Global
	GlobalSection(SolutionConfigurationPlatforms) = preSolution
		Debug|Any CPU = Debug|Any CPU
		Release|Any CPU = Release|Any CPU
	EndGlobalSection
	GlobalSection(ProjectConfigurationPlatforms) = postSolution
		{A32AEC2B-A9A5-4E16-A539-9C678F6BE9FC}.Debug|Any CPU.ActiveCfg = Debug|Any CPU
		{A32AEC2B-A9A5-4E16-A539-9C678F6BE9FC}.Debug|Any CPU.Build.0 = Debug|Any CPU
		{A32AEC2B-A9A5-4E16-A539-9C678F6BE9FC}.Release|Any CPU.ActiveCfg = Release|Any CPU
		{A32AEC2B-A9A5-4E16-A539-9C678F6BE9FC}.Release|Any CPU.Build.0 = Release|Any CPU
		{FF324100-2EEA-43FB-A2D4-683E3AF4924A}.Debug|Any CPU.ActiveCfg = Debug|Any CPU
		{FF324100-2EEA-43FB-A2D4-683E3AF4924A}.Debug|Any CPU.Build.0 = Debug|Any CPU
		{FF324100-2EEA-43FB-A2D4-683E3AF4924A}.Release|Any CPU.ActiveCfg = Release|Any CPU
		{FF324100-2EEA-43FB-A2D4-683E3AF4924A}.Release|Any CPU.Build.0 = Release|Any CPU
	EndGlobalSection
	GlobalSection(SolutionProperties) = preSolution
		HideSolutionNode = FALSE
	EndGlobalSection
	GlobalSection(ExtensibilityGlobals) = postSolution
		SolutionGuid = {5771E70F-4AEE-40E5-9281-0F330DBA564F}
	EndGlobalSection
EndGlobal
